<?xml version="1.0" encoding="utf-8"?>
<Project ToolsVersion="4.0" xmlns="http://schemas.microsoft.com/developer/msbuild/2003">
  <ItemGroup>
    <Filter Include="Source Files">
      <UniqueIdentifier>{4FC737F1-C7A5-4376-A066-2A32D752A2FF}</UniqueIdentifier>
      <Extensions>cpp;c;cc;cxx;def;odl;idl;hpj;bat;asm;asmx</Extensions>
    </Filter>
    <Filter Include="Header Files">
      <UniqueIdentifier>{93995380-89BD-4b04-88EB-625FBE52EBFB}</UniqueIdentifier>
      <Extensions>h;hh;hpp;hxx;hm;inl;inc;xsd</Extensions>
    </Filter>
    <Filter Include="Source Files\additions">
      <UniqueIdentifier>{e9fc135a-97da-4154-9abe-36e14c6a2098}</UniqueIdentifier>
    </Filter>
  </ItemGroup>
  <ItemGroup>
    <ClCompile Include="..\3ds.cpp">
      <Filter>Source Files</Filter>
    </ClCompile>
    <ClCompile Include="..\actions.cpp">
      <Filter>Source Files</Filter>
    </ClCompile>
    <ClCompile Include="..\animation.cpp">
      <Filter>Source Files</Filter>
    </ClCompile>
    <ClCompile Include="..\animation_keys.cpp">
      <Filter>Source Files</Filter>
    </ClCompile>
    <ClCompile Include="..\bank.cpp">
      <Filter>Source Files</Filter>
    </ClCompile>
    <ClCompile Include="..\bone.cpp">
      <Filter>Source Files</Filter>
    </ClCompile>
    <ClCompile Include="..\brush.cpp">
      <Filter>Source Files</Filter>
    </ClCompile>
    <ClCompile Include="..\camera.cpp">
      <Filter>Source Files</Filter>
    </ClCompile>
    <ClCompile Include="..\collision.cpp">
      <Filter>Source Files</Filter>
    </ClCompile>
    <ClCompile Include="..\collision2.cpp">
      <Filter>Source Files</Filter>
    </ClCompile>
    <ClCompile Include="..\csg.cpp">
      <Filter>Source Files</Filter>
    </ClCompile>
    <ClCompile Include="..\entity.cpp">
      <Filter>Source Files</Filter>
    </ClCompile>
    <ClCompile Include="..\file.cpp">
      <Filter>Source Files</Filter>
    </ClCompile>
    <ClCompile Include="..\functions.cpp">
      <Filter>Source Files</Filter>
    </ClCompile>
    <ClCompile Include="..\geom.cpp">
      <Filter>Source Files</Filter>
    </ClCompile>
    <ClCompile Include="..\geosphere.cpp">
      <Filter>Source Files</Filter>
    </ClCompile>
    <ClCompile Include="..\global.cpp">
      <Filter>Source Files</Filter>
    </ClCompile>
    <ClCompile Include="..\isosurface.cpp">
      <Filter>Source Files</Filter>
    </ClCompile>
    <ClCompile Include="..\light.cpp">
      <Filter>Source Files</Filter>
    </ClCompile>
    <ClCompile Include="..\material.cpp">
      <Filter>Source Files</Filter>
    </ClCompile>
    <ClCompile Include="..\maths_helper.cpp">
      <Filter>Source Files</Filter>
    </ClCompile>
    <ClCompile Include="..\matrix.cpp">
      <Filter>Source Files</Filter>
    </ClCompile>
    <ClCompile Include="..\md2.cpp">
      <Filter>Source Files</Filter>
    </ClCompile>
    <ClCompile Include="..\mesh.cpp">
      <Filter>Source Files</Filter>
    </ClCompile>
    <ClCompile Include="..\model.cpp">
      <Filter>Source Files</Filter>
    </ClCompile>
    <ClCompile Include="..\octree.cpp">
      <Filter>Source Files</Filter>
    </ClCompile>
    <ClCompile Include="..\particle.cpp">
      <Filter>Source Files</Filter>
    </ClCompile>
    <ClCompile Include="..\physics.cpp">
      <Filter>Source Files</Filter>
    </ClCompile>
    <ClCompile Include="..\pick.cpp">
      <Filter>Source Files</Filter>
    </ClCompile>
    <ClCompile Include="..\pivot.cpp">
      <Filter>Source Files</Filter>
    </ClCompile>
    <ClCompile Include="..\project.cpp">
      <Filter>Source Files</Filter>
    </ClCompile>
    <ClCompile Include="..\quaternion.cpp">
      <Filter>Source Files</Filter>
    </ClCompile>
    <ClCompile Include="..\shadow.cpp">
      <Filter>Source Files</Filter>
    </ClCompile>
    <ClCompile Include="..\sprite.cpp">
      <Filter>Source Files</Filter>
    </ClCompile>
    <ClCompile Include="..\sprite_batch.cpp">
      <Filter>Source Files</Filter>
    </ClCompile>
    <ClCompile Include="..\stencil.cpp">
      <Filter>Source Files</Filter>
    </ClCompile>
    <ClCompile Include="..\string_helper.cpp">
      <Filter>Source Files</Filter>
    </ClCompile>
    <ClCompile Include="..\surface.cpp">
      <Filter>Source Files</Filter>
    </ClCompile>
    <ClCompile Include="..\terrain.cpp">
      <Filter>Source Files</Filter>
    </ClCompile>
    <ClCompile Include="..\texture.cpp">
      <Filter>Source Files</Filter>
    </ClCompile>
    <ClCompile Include="..\texture_filter.cpp">
      <Filter>Source Files</Filter>
    </ClCompile>
    <ClCompile Include="..\tilt.cpp">
      <Filter>Source Files</Filter>
    </ClCompile>
    <ClCompile Include="..\touch.cpp">
      <Filter>Source Files</Filter>
    </ClCompile>
    <ClCompile Include="..\tree.cpp">
      <Filter>Source Files</Filter>
    </ClCompile>
    <ClCompile Include="..\voxel.cpp">
      <Filter>Source Files</Filter>
    </ClCompile>
    <ClCompile Include="..\voxterrain.cpp">
      <Filter>Source Files</Filter>
    </ClCompile>
    <ClCompile Include="..\x.cpp">
      <Filter>Source Files</Filter>
    </ClCompile>
    <ClCompile Include="functions2.cpp">
      <Filter>Source Files\additions</Filter>
    </ClCompile>
    <ClCompile Include="..\bmaxdebug.cpp">
      <Filter>Source Files</Filter>
    </ClCompile>
    <ClCompile Include="..\dds.cpp">
      <Filter>Source Files</Filter>
    </ClCompile>
    <ClCompile Include="..\stb_image.c">
      <Filter>Source Files</Filter>
    </ClCompile>
    <ClCompile Include="..\fileresource.cpp">
      <Filter>Source Files</Filter>
    </ClCompile>
    <ClCompile Include="..\shaderobject.cpp">
      <Filter>Source Files</Filter>
    </ClCompile>
    <ClCompile Include="..\programobject.cpp">
      <Filter>Source Files</Filter>
    </ClCompile>
  </ItemGroup>
  <ItemGroup>
    <ClInclude Include="..\3ds.h">
      <Filter>Header Files</Filter>
    </ClInclude>
    <ClInclude Include="..\actions.h">
      <Filter>Header Files</Filter>
    </ClInclude>
    <ClInclude Include="..\animation.h">
      <Filter>Header Files</Filter>
    </ClInclude>
    <ClInclude Include="..\animation_keys.h">
      <Filter>Header Files</Filter>
    </ClInclude>
    <ClInclude Include="..\bank.h">
      <Filter>Header Files</Filter>
    </ClInclude>
    <ClInclude Include="..\bone.h">
      <Filter>Header Files</Filter>
    </ClInclude>
    <ClInclude Include="..\brush.h">
      <Filter>Header Files</Filter>
    </ClInclude>
    <ClInclude Include="..\camera.h">
      <Filter>Header Files</Filter>
    </ClInclude>
    <ClInclude Include="..\collision.h">
      <Filter>Header Files</Filter>
    </ClInclude>
    <ClInclude Include="..\collision2.h">
      <Filter>Header Files</Filter>
    </ClInclude>
    <ClInclude Include="..\csg.h">
      <Filter>Header Files</Filter>
    </ClInclude>
    <ClInclude Include="..\entity.h">
      <Filter>Header Files</Filter>
    </ClInclude>
    <ClInclude Include="..\file.h">
      <Filter>Header Files</Filter>
    </ClInclude>
    <ClInclude Include="..\functions.h">
      <Filter>Header Files</Filter>
    </ClInclude>
    <ClInclude Include="..\geom.h">
      <Filter>Header Files</Filter>
    </ClInclude>
    <ClInclude Include="..\geosphere.h">
      <Filter>Header Files</Filter>
    </ClInclude>
    <ClInclude Include="..\global.h">
      <Filter>Header Files</Filter>
    </ClInclude>
    <ClInclude Include="..\isosurface.h">
      <Filter>Header Files</Filter>
    </ClInclude>
    <ClInclude Include="..\light.h">
      <Filter>Header Files</Filter>
    </ClInclude>
    <ClInclude Include="..\material.h">
      <Filter>Header Files</Filter>
    </ClInclude>
    <ClInclude Include="..\maths_helper.h">
      <Filter>Header Files</Filter>
    </ClInclude>
    <ClInclude Include="..\matrix.h">
      <Filter>Header Files</Filter>
    </ClInclude>
    <ClInclude Include="..\md2.h">
      <Filter>Header Files</Filter>
    </ClInclude>
    <ClInclude Include="..\mesh.h">
      <Filter>Header Files</Filter>
    </ClInclude>
    <ClInclude Include="..\model.h">
      <Filter>Header Files</Filter>
    </ClInclude>
    <ClInclude Include="..\octree.h">
      <Filter>Header Files</Filter>
    </ClInclude>
    <ClInclude Include="..\particle.h">
      <Filter>Header Files</Filter>
    </ClInclude>
    <ClInclude Include="..\physics.h">
      <Filter>Header Files</Filter>
    </ClInclude>
    <ClInclude Include="..\pick.h">
      <Filter>Header Files</Filter>
    </ClInclude>
    <ClInclude Include="..\pivot.h">
      <Filter>Header Files</Filter>
    </ClInclude>
    <ClInclude Include="..\project.h">
      <Filter>Header Files</Filter>
    </ClInclude>
    <ClInclude Include="..\quaternion.h">
      <Filter>Header Files</Filter>
    </ClInclude>
    <ClInclude Include="..\shadermat.h">
      <Filter>Header Files</Filter>
    </ClInclude>
    <ClInclude Include="..\shaderobject.h">
      <Filter>Header Files</Filter>
    </ClInclude>
    <ClInclude Include="..\shadow.h">
      <Filter>Header Files</Filter>
    </ClInclude>
    <ClInclude Include="..\sprite.h">
      <Filter>Header Files</Filter>
    </ClInclude>
    <ClInclude Include="..\sprite_batch.h">
      <Filter>Header Files</Filter>
    </ClInclude>
    <ClInclude Include="..\stb_image.h">
      <Filter>Header Files</Filter>
    </ClInclude>
    <ClInclude Include="..\stencil.h">
      <Filter>Header Files</Filter>
    </ClInclude>
    <ClInclude Include="..\string_helper.h">
      <Filter>Header Files</Filter>
    </ClInclude>
    <ClInclude Include="..\surface.h">
      <Filter>Header Files</Filter>
    </ClInclude>
    <ClInclude Include="..\terrain.h">
      <Filter>Header Files</Filter>
    </ClInclude>
    <ClInclude Include="..\texture.h">
      <Filter>Header Files</Filter>
    </ClInclude>
    <ClInclude Include="..\texture_filter.h">
      <Filter>Header Files</Filter>
    </ClInclude>
    <ClInclude Include="..\tilt.h">
      <Filter>Header Files</Filter>
    </ClInclude>
    <ClInclude Include="..\touch.h">
      <Filter>Header Files</Filter>
    </ClInclude>
    <ClInclude Include="..\tree.h">
      <Filter>Header Files</Filter>
    </ClInclude>
    <ClInclude Include="..\voxel.h">
      <Filter>Header Files</Filter>
    </ClInclude>
    <ClInclude Include="..\voxterrain.h">
      <Filter>Header Files</Filter>
    </ClInclude>
    <ClInclude Include="..\x.h">
      <Filter>Header Files</Filter>
    </ClInclude>
    <ClInclude Include="..\bmaxdebug.h">
      <Filter>Header Files</Filter>
    </ClInclude>
    <ClInclude Include="..\dds.h">
      <Filter>Header Files</Filter>
    </ClInclude>
    <ClInclude Include="..\fileresource.h">
      <Filter>Header Files</Filter>
    </ClInclude>
    <ClInclude Include="..\programobject.h">
      <Filter>Header Files</Filter>
    </ClInclude>
    <ClInclude Include="..\refobject.h">
      <Filter>Header Files</Filter>
    </ClInclude>
    <ClInclude Include="..\functions_cpp.h">
      <Filter>Header Files</Filter>
    </ClInclude>
    <ClInclude Include="..\functions_c.h">
      <Filter>Header Files</Filter>
    </ClInclude>
  </ItemGroup>
</Project>